
Microsoft Visual Studio Solution File, Format Version 12.00
# Visual Studio Version 16
VisualStudioVersion = 16.0.30320.27
MinimumVisualStudioVersion = 10.0.40219.1
Project("{FAE04EC0-301F-11D3-BF4B-00C04F79EFBC}") = "RandomCoffee", "RandomCoffee\RandomCoffee.csproj", "{5E913145-525A-4E78-AB1C-36AB9CB31C85}"
EndProject
Project("{2150E333-8FDC-42A3-9474-1A3956D46DE8}") = "Solution Items", "Solution Items", "{73240EB0-4919-47B4-A696-CCD024A55303}"
	ProjectSection(SolutionItems) = preProject
		.editorconfig = .editorconfig
	EndProjectSection
EndProject
Project("{FAE04EC0-301F-11D3-BF4B-00C04F79EFBC}") = "RandomCoffee.Tests", "RandomCoffee.Tests\RandomCoffee.Tests.csproj", "{2A91EABF-2A56-4826-87B7-F652780BA433}"
EndProject
Global
	GlobalSection(SolutionConfigurationPlatforms) = preSolution
		Debug|Any CPU = Debug|Any CPU
		Release|Any CPU = Release|Any CPU
	EndGlobalSection
	GlobalSection(ProjectConfigurationPlatforms) = postSolution
		{5E913145-525A-4E78-AB1C-36AB9CB31C85}.Debug|Any CPU.ActiveCfg = Debug|Any CPU
		{5E913145-525A-4E78-AB1C-36AB9CB31C85}.Debug|Any CPU.Build.0 = Debug|Any CPU
		{5E913145-525A-4E78-AB1C-36AB9CB31C85}.Release|Any CPU.ActiveCfg = Release|Any CPU
		{5E913145-525A-4E78-AB1C-36AB9CB31C85}.Release|Any CPU.Build.0 = Release|Any CPU
		{2A91EABF-2A56-4826-87B7-F652780BA433}.Debug|Any CPU.ActiveCfg = Debug|Any CPU
		{2A91EABF-2A56-4826-87B7-F652780BA433}.Debug|Any CPU.Build.0 = Debug|Any CPU
		{2A91EABF-2A56-4826-87B7-F652780BA433}.Release|Any CPU.ActiveCfg = Release|Any CPU
		{2A91EABF-2A56-4826-87B7-F652780BA433}.Release|Any CPU.Build.0 = Release|Any CPU
	EndGlobalSection
	GlobalSection(SolutionProperties) = preSolution
		HideSolutionNode = FALSE
	EndGlobalSection
	GlobalSection(ExtensibilityGlobals) = postSolution
		SolutionGuid = {B9E22F1B-C289-4A4E-A1F1-CE62BEB2FDBF}
	EndGlobalSection
EndGlobal
